
Microsoft Visual Studio Solution File, Format Version 12.00
# Visual Studio 15
VisualStudioVersion = 15.0.28010.2019
MinimumVisualStudioVersion = 10.0.40219.1
Project("{FAE04EC0-301F-11D3-BF4B-00C04F79EFBC}") = "Contraindicator", "Contraindicator\Contraindicator.csproj", "{8D5510AF-EAC3-45D3-BE98-4DFE2603DD04}"
EndProject
Global
	GlobalSection(SolutionConfigurationPlatforms) = preSolution
		Debug|Any CPU = Debug|Any CPU
		Release|Any CPU = Release|Any CPU
	EndGlobalSection
	GlobalSection(ProjectConfigurationPlatforms) = postSolution
		{8D5510AF-EAC3-45D3-BE98-4DFE2603DD04}.Debug|Any CPU.ActiveCfg = Debug|Any CPU
		{8D5510AF-EAC3-45D3-BE98-4DFE2603DD04}.Debug|Any CPU.Build.0 = Debug|Any CPU
		{8D5510AF-EAC3-45D3-BE98-4DFE2603DD04}.Release|Any CPU.ActiveCfg = Release|Any CPU
		{8D5510AF-EAC3-45D3-BE98-4DFE2603DD04}.Release|Any CPU.Build.0 = Release|Any CPU
	EndGlobalSection
	GlobalSection(SolutionProperties) = preSolution
		HideSolutionNode = FALSE
	EndGlobalSection
	GlobalSection(ExtensibilityGlobals) = postSolution
		SolutionGuid = {B05BCC17-8C0B-41C5-897B-6A65C421D50F}
	EndGlobalSection
EndGlobal
